
Microsoft Visual Studio Solution File, Format Version 12.00
# Visual Studio Version 16
VisualStudioVersion = 16.0.30523.141
MinimumVisualStudioVersion = 10.0.40219.1
Project("{FAE04EC0-301F-11D3-BF4B-00C04F79EFBC}") = "WindowsFormsApp1", "WindowsFormsApp1.csproj", "{CD50F6BA-E3FE-43C5-9372-9E19187F8C28}"
EndProject
Global
	GlobalSection(SolutionConfigurationPlatforms) = preSolution
		Debug|Any CPU = Debug|Any CPU
		Release|Any CPU = Release|Any CPU
	EndGlobalSection
	GlobalSection(ProjectConfigurationPlatforms) = postSolution
		{CD50F6BA-E3FE-43C5-9372-9E19187F8C28}.Debug|Any CPU.ActiveCfg = Debug|Any CPU
		{CD50F6BA-E3FE-43C5-9372-9E19187F8C28}.Debug|Any CPU.Build.0 = Debug|Any CPU
		{CD50F6BA-E3FE-43C5-9372-9E19187F8C28}.Release|Any CPU.ActiveCfg = Release|Any CPU
		{CD50F6BA-E3FE-43C5-9372-9E19187F8C28}.Release|Any CPU.Build.0 = Release|Any CPU
	EndGlobalSection
	GlobalSection(SolutionProperties) = preSolution
		HideSolutionNode = FALSE
	EndGlobalSection
	GlobalSection(ExtensibilityGlobals) = postSolution
		SolutionGuid = {6062394A-A778-4C7C-A475-7F8F3D8C3EC6}
	EndGlobalSection
EndGlobal
